// !$*UTF8*$!
{
	archiveVersion = 1;
	classes = {
	};
	objectVersion = 55;
	objects = {

/* Begin PBXBuildFile section */
		65F7DCC027E3C4A30052AEC4 /* AppDelegate.swift in Sources */ = {isa = PBXBuildFile; fileRef = 65F7DCBF27E3C4A30052AEC4 /* AppDelegate.swift */; };
		65F7DCC227E3C4A30052AEC4 /* SceneDelegate.swift in Sources */ = {isa = PBXBuildFile; fileRef = 65F7DCC127E3C4A30052AEC4 /* SceneDelegate.swift */; };
		65F7DCC427E3C4A30052AEC4 /* ViewController.swift in Sources */ = {isa = PBXBuildFile; fileRef = 65F7DCC327E3C4A30052AEC4 /* ViewController.swift */; };
		65F7DCC727E3C4A30052AEC4 /* Main.storyboard in Resources */ = {isa = PBXBuildFile; fileRef = 65F7DCC527E3C4A30052AEC4 /* Main.storyboard */; };
		65F7DCC927E3C4A50052AEC4 /* Assets.xcassets in Resources */ = {isa = PBXBuildFile; fileRef = 65F7DCC827E3C4A50052AEC4 /* Assets.xcassets */; };
		65F7DCCC27E3C4A50052AEC4 /* LaunchScreen.storyboard in Resources */ = {isa = PBXBuildFile; fileRef = 65F7DCCA27E3C4A50052AEC4 /* LaunchScreen.storyboard */; };
		65F7DCD627E3C8310052AEC4 /* VC2.swift in Sources */ = {isa = PBXBuildFile; fileRef = 65F7DCD427E3C8310052AEC4 /* VC2.swift */; };
		65F7DCD727E3C8310052AEC4 /* VC2.xib in Resources */ = {isa = PBXBuildFile; fileRef = 65F7DCD527E3C8310052AEC4 /* VC2.xib */; };
/* End PBXBuildFile section */

/* Begin PBXFileReference section */
		65F7DCBC27E3C4A30052AEC4 /* DelegationPattern.app */ = {isa = PBXFileReference; explicitFileType = wrapper.application; includeInIndex = 0; path = DelegationPattern.app; sourceTree = BUILT_PRODUCTS_DIR; };
		65F7DCBF27E3C4A30052AEC4 /* AppDelegate.swift */ = {isa = PBXFileReference; lastKnownFileType = sourcecode.swift; path = AppDelegate.swift; sourceTree = "<group>"; };
		65F7DCC127E3C4A30052AEC4 /* SceneDelegate.swift */ = {isa = PBXFileReference; lastKnownFileType = sourcecode.swift; path = SceneDelegate.swift; sourceTree = "<group>"; };
		65F7DCC327E3C4A30052AEC4 /* ViewController.swift */ = {isa = PBXFileReference; lastKnownFileType = sourcecode.swift; path = ViewController.swift; sourceTree = "<group>"; };
		65F7DCC627E3C4A30052AEC4 /* Base */ = {isa = PBXFileReference; lastKnownFileType = file.storyboard; name = Base; path = Base.lproj/Main.storyboard; sourceTree = "<group>"; };
		65F7DCC827E3C4A50052AEC4 /* Assets.xcassets */ = {isa = PBXFileReference; lastKnownFileType = folder.assetcatalog; path = Assets.xcassets; sourceTree = "<group>"; };
		65F7DCCB27E3C4A50052AEC4 /* Base */ = {isa = PBXFileReference; lastKnownFileType = file.storyboard; name = Base; path = Base.lproj/LaunchScreen.storyboard; sourceTree = "<group>"; };
		65F7DCCD27E3C4A50052AEC4 /* Info.plist */ = {isa = PBXFileReference; lastKnownFileType = text.plist.xml; path = Info.plist; sourceTree = "<group>"; };
		65F7DCD427E3C8310052AEC4 /* VC2.swift */ = {isa = PBXFileReference; lastKnownFileType = sourcecode.swift; path = VC2.swift; sourceTree = "<group>"; };
		65F7DCD527E3C8310052AEC4 /* VC2.xib */ = {isa = PBXFileReference; lastKnownFileType = file.xib; path = VC2.xib; sourceTree = "<group>"; };
/* End PBXFileReference section */

/* Begin PBXFrameworksBuildPhase section */
		65F7DCB927E3C4A30052AEC4 /* Frameworks */ = {
			isa = PBXFrameworksBuildPhase;
			buildActionMask = 2147483647;
			files = (
			);
			runOnlyForDeploymentPostprocessing = 0;
		};
/* End PBXFrameworksBuildPhase section */

/* Begin PBXGroup section */
		65F7DCB327E3C4A30052AEC4 = {
			isa = PBXGroup;
			children = (
				65F7DCBE27E3C4A30052AEC4 /* DelegationPattern */,
				65F7DCBD27E3C4A30052AEC4 /* Products */,
			);
			sourceTree = "<group>";
		};
		65F7DCBD27E3C4A30052AEC4 /* Products */ = {
			isa = PBXGroup;
			children = (
				65F7DCBC27E3C4A30052AEC4 /* DelegationPattern.app */,
			);
			name = Products;
			sourceTree = "<group>";
		};
		65F7DCBE27E3C4A30052AEC4 /* DelegationPattern */ = {
			isa = PBXGroup;
			children = (
				65F7DCD327E3C8050052AEC4 /* SecondScreen */,
				65F7DCBF27E3C4A30052AEC4 /* AppDelegate.swift */,
				65F7DCC127E3C4A30052AEC4 /* SceneDelegate.swift */,
				65F7DCC327E3C4A30052AEC4 /* ViewController.swift */,
				65F7DCC527E3C4A30052AEC4 /* Main.storyboard */,
				65F7DCC827E3C4A50052AEC4 /* Assets.xcassets */,
				65F7DCCA27E3C4A50052AEC4 /* LaunchScreen.storyboard */,
				65F7DCCD27E3C4A50052AEC4 /* Info.plist */,
			);
			path = DelegationPattern;
			sourceTree = "<group>";
		};
		65F7DCD327E3C8050052AEC4 /* SecondScreen */ = {
			isa = PBXGroup;
			children = (
				65F7DCD427E3C8310052AEC4 /* VC2.swift */,
				65F7DCD527E3C8310052AEC4 /* VC2.xib */,
			);
			path = SecondScreen;
			sourceTree = "<group>";
		};
/* End PBXGroup section */

/* Begin PBXNativeTarget section */
		65F7DCBB27E3C4A30052AEC4 /* DelegationPattern */ = {
			isa = PBXNativeTarget;
			buildConfigurationList = 65F7DCD027E3C4A50052AEC4 /* Build configuration list for PBXNativeTarget "DelegationPattern" */;
			buildPhases = (
				65F7DCB827E3C4A30052AEC4 /* Sources */,
				65F7DCB927E3C4A30052AEC4 /* Frameworks */,
				65F7DCBA27E3C4A30052AEC4 /* Resources */,
			);
			buildRules = (
			);
			dependencies = (
			);
			name = DelegationPattern;
			productName = DelegationPattern;
			productReference = 65F7DCBC27E3C4A30052AEC4 /* DelegationPattern.app */;
			productType = "com.apple.product-type.application";
		};
/* End PBXNativeTarget section */

/* Begin PBXProject section */
		65F7DCB427E3C4A30052AEC4 /* Project object */ = {
			isa = PBXProject;
			attributes = {
				BuildIndependentTargetsInParallel = 1;
				LastSwiftUpdateCheck = 1320;
				LastUpgradeCheck = 1320;
				TargetAttributes = {
					65F7DCBB27E3C4A30052AEC4 = {
						CreatedOnToolsVersion = 13.2.1;
					};
				};
			};
			buildConfigurationList = 65F7DCB727E3C4A30052AEC4 /* Build configuration list for PBXProject "DelegationPattern" */;
			compatibilityVersion = "Xcode 13.0";
			developmentRegion = en;
			hasScannedForEncodings = 0;
			knownRegions = (
				en,
				Base,
			);
			mainGroup = 65F7DCB327E3C4A30052AEC4;
			productRefGroup = 65F7DCBD27E3C4A30052AEC4 /* Products */;
			projectDirPath = "";
			projectRoot = "";
			targets = (
				65F7DCBB27E3C4A30052AEC4 /* DelegationPattern */,
			);
		};
/* End PBXProject section */

/* Begin PBXResourcesBuildPhase section */
		65F7DCBA27E3C4A30052AEC4 /* Resources */ = {
			isa = PBXResourcesBuildPhase;
			buildActionMask = 2147483647;
			files = (
				65F7DCCC27E3C4A50052AEC4 /* LaunchScreen.storyboard in Resources */,
				65F7DCC927E3C4A50052AEC4 /* Assets.xcassets in Resources */,
				65F7DCC727E3C4A30052AEC4 /* Main.storyboard in Resources */,
				65F7DCD727E3C8310052AEC4 /* VC2.xib in Resources */,
			);
			runOnlyForDeploymentPostprocessing = 0;
		};
/* End PBXResourcesBuildPhase section */

/* Begin PBXSourcesBuildPhase section */
		65F7DCB827E3C4A30052AEC4 /* Sources */ = {
			isa = PBXSourcesBuildPhase;
			buildActionMask = 2147483647;
			files = (
				65F7DCC427E3C4A30052AEC4 /* ViewController.swift in Sources */,
				65F7DCC027E3C4A30052AEC4 /* AppDelegate.swift in Sources */,
				65F7DCC227E3C4A30052AEC4 /* SceneDelegate.swift in Sources */,
				65F7DCD627E3C8310052AEC4 /* VC2.swift in Sources */,
			);
			runOnlyForDeploymentPostprocessing = 0;
		};
/* End PBXSourcesBuildPhase section */

/* Begin PBXVariantGroup section */
		65F7DCC527E3C4A30052AEC4 /* Main.storyboard */ = {
			isa = PBXVariantGroup;
			children = (
				65F7DCC627E3C4A30052AEC4 /* Base */,
			);
			name = Main.storyboard;
			sourceTree = "<group>";
		};
		65F7DCCA27E3C4A50052AEC4 /* LaunchScreen.storyboard */ = {
			isa = PBXVariantGroup;
			children = (
				65F7DCCB27E3C4A50052AEC4 /* Base */,
			);
			name = LaunchScreen.storyboard;
			sourceTree = "<group>";
		};
/* End PBXVariantGroup section */

/* Begin XCBuildConfiguration section */
		65F7DCCE27E3C4A50052AEC4 /* Debug */ = {
			isa = XCBuildConfiguration;
			buildSettings = {
				ALWAYS_SEARCH_USER_PATHS = NO;
				CLANG_ANALYZER_NONNULL = YES;
				CLANG_ANALYZER_NUMBER_OBJECT_CONVERSION = YES_AGGRESSIVE;
				CLANG_CXX_LANGUAGE_STANDARD = "gnu++17";
				CLANG_CXX_LIBRARY = "libc++";
				CLANG_ENABLE_MODULES = YES;
				CLANG_ENABLE_OBJC_ARC = YES;
				CLANG_ENABLE_OBJC_WEAK = YES;
				CLANG_WARN_BLOCK_CAPTURE_AUTORELEASING = YES;
				CLANG_WARN_BOOL_CONVERSION = YES;
				CLANG_WARN_COMMA = YES;
				CLANG_WARN_CONSTANT_CONVERSION = YES;
				CLANG_WARN_DEPRECATED_OBJC_IMPLEMENTATIONS = YES;
				CLANG_WARN_DIRECT_OBJC_ISA_USAGE = YES_ERROR;
				CLANG_WARN_DOCUMENTATION_COMMENTS = YES;
				CLANG_WARN_EMPTY_BODY = YES;
				CLANG_WARN_ENUM_CONVERSION = YES;
				CLANG_WARN_INFINITE_RECURSION = YES;
				CLANG_WARN_INT_CONVERSION = YES;
				CLANG_WARN_NON_LITERAL_NULL_CONVERSION = YES;
				CLANG_WARN_OBJC_IMPLICIT_RETAIN_SELF = YES;
				CLANG_WARN_OBJC_LITERAL_CONVERSION = YES;
				CLANG_WARN_OBJC_ROOT_CLASS = YES_ERROR;
				CLANG_WARN_QUOTED_INCLUDE_IN_FRAMEWORK_HEADER = YES;
				CLANG_WARN_RANGE_LOOP_ANALYSIS = YES;
				CLANG_WARN_STRICT_PROTOTYPES = YES;
				CLANG_WARN_SUSPICIOUS_MOVE = YES;
				CLANG_WARN_UNGUARDED_AVAILABILITY = YES_AGGRESSIVE;
				CLANG_WARN_UNREACHABLE_CODE = YES;
				CLANG_WARN__DUPLICATE_METHOD_MATCH = YES;
				COPY_PHASE_STRIP = NO;
				DEBUG_INFORMATION_FORMAT = dwarf;
				ENABLE_STRICT_OBJC_MSGSEND = YES;
				ENABLE_TESTABILITY = YES;
				GCC_C_LANGUAGE_STANDARD = gnu11;
				GCC_DYNAMIC_NO_PIC = NO;
				GCC_NO_COMMON_BLOCKS = YES;
				GCC_OPTIMIZATION_LEVEL = 0;
				GCC_PREPROCESSOR_DEFINITIONS = (
					"DEBUG=1",
					"$(inherited)",
				);
				GCC_WARN_64_TO_32_BIT_CONVERSION = YES;
				GCC_WARN_ABOUT_RETURN_TYPE = YES_ERROR;
				GCC_WARN_UNDECLARED_SELECTOR = YES;
				GCC_WARN_UNINITIALIZED_AUTOS = YES_AGGRESSIVE;
				GCC_WARN_UNUSED_FUNCTION = YES;
				GCC_WARN_UNUSED_VARIABLE = YES;
				IPHONEOS_DEPLOYMENT_TARGET = 15.2;
				MTL_ENABLE_DEBUG_INFO = INCLUDE_SOURCE;
				MTL_FAST_MATH = YES;
				ONLY_ACTIVE_ARCH = YES;
				SDKROOT = iphoneos;
				SWIFT_ACTIVE_COMPILATION_CONDITIONS = DEBUG;
				SWIFT_OPTIMIZATION_LEVEL = "-Onone";
			};
			name = Debug;
		};
		65F7DCCF27E3C4A50052AEC4 /* Release */ = {
			isa = XCBuildConfiguration;
			buildSettings = {
				ALWAYS_SEARCH_USER_PATHS = NO;
				CLANG_ANALYZER_NONNULL = YES;
				CLANG_ANALYZER_NUMBER_OBJECT_CONVERSION = YES_AGGRESSIVE;
				CLANG_CXX_LANGUAGE_STANDARD = "gnu++17";
				CLANG_CXX_LIBRARY = "libc++";
				CLANG_ENABLE_MODULES = YES;
				CLANG_ENABLE_OBJC_ARC = YES;
				CLANG_ENABLE_OBJC_WEAK = YES;
				CLANG_WARN_BLOCK_CAPTURE_AUTORELEASING = YES;
				CLANG_WARN_BOOL_CONVERSION = YES;
				CLANG_WARN_COMMA = YES;
				CLANG_WARN_CONSTANT_CONVERSION = YES;
				CLANG_WARN_DEPRECATED_OBJC_IMPLEMENTATIONS = YES;
				CLANG_WARN_DIRECT_OBJC_ISA_USAGE = YES_ERROR;
				CLANG_WARN_DOCUMENTATION_COMMENTS = YES;
				CLANG_WARN_EMPTY_BODY = YES;
				CLANG_WARN_ENUM_CONVERSION = YES;
				CLANG_WARN_INFINITE_RECURSION = YES;
				CLANG_WARN_INT_CONVERSION = YES;
				CLANG_WARN_NON_LITERAL_NULL_CONVERSION = YES;
				CLANG_WARN_OBJC_IMPLICIT_RETAIN_SELF = YES;
				CLANG_WARN_OBJC_LITERAL_CONVERSION = YES;
				CLANG_WARN_OBJC_ROOT_CLASS = YES_ERROR;
				CLANG_WARN_QUOTED_INCLUDE_IN_FRAMEWORK_HEADER = YES;
				CLANG_WARN_RANGE_LOOP_ANALYSIS = YES;
				CLANG_WARN_STRICT_PROTOTYPES = YES;
				CLANG_WARN_SUSPICIOUS_MOVE = YES;
				CLANG_WARN_UNGUARDED_AVAILABILITY = YES_AGGRESSIVE;
				CLANG_WARN_UNREACHABLE_CODE = YES;
				CLANG_WARN__DUPLICATE_METHOD_MATCH = YES;
				COPY_PHASE_STRIP = NO;
				DEBUG_INFORMATION_FORMAT = "dwarf-with-dsym";
				ENABLE_NS_ASSERTIONS = NO;
				ENABLE_STRICT_OBJC_MSGSEND = YES;
				GCC_C_LANGUAGE_STANDARD = gnu11;
				GCC_NO_COMMON_BLOCKS = YES;
				GCC_WARN_64_TO_32_BIT_CONVERSION = YES;
				GCC_WARN_ABOUT_RETURN_TYPE = YES_ERROR;
				GCC_WARN_UNDECLARED_SELECTOR = YES;
				GCC_WARN_UNINITIALIZED_AUTOS = YES_AGGRESSIVE;
				GCC_WARN_UNUSED_FUNCTION = YES;
				GCC_WARN_UNUSED_VARIABLE = YES;
				IPHONEOS_DEPLOYMENT_TARGET = 15.2;
				MTL_ENABLE_DEBUG_INFO = NO;
				MTL_FAST_MATH = YES;
				SDKROOT = iphoneos;
				SWIFT_COMPILATION_MODE = wholemodule;
				SWIFT_OPTIMIZATION_LEVEL = "-O";
				VALIDATE_PRODUCT = YES;
			};
			name = Release;
		};
		65F7DCD127E3C4A50052AEC4 /* Debug */ = {
			isa = XCBuildConfiguration;
			buildSettings = {
				ASSETCATALOG_COMPILER_APPICON_NAME = AppIcon;
				ASSETCATALOG_COMPILER_GLOBAL_ACCENT_COLOR_NAME = AccentColor;
				CODE_SIGN_STYLE = Automatic;
				CURRENT_PROJECT_VERSION = 1;
				DEVELOPMENT_TEAM = YR8ENK43BV;
				GENERATE_INFOPLIST_FILE = YES;
				INFOPLIST_FILE = DelegationPattern/Info.plist;
				INFOPLIST_KEY_UIApplicationSupportsIndirectInputEvents = YES;
				INFOPLIST_KEY_UILaunchStoryboardName = LaunchScreen;
				INFOPLIST_KEY_UIMainStoryboardFile = Main;
				INFOPLIST_KEY_UISupportedInterfaceOrientations_iPad = "UIInterfaceOrientationPortrait UIInterfaceOrientationPortraitUpsideDown UIInterfaceOrientationLandscapeLeft UIInterfaceOrientationLandscapeRight";
				INFOPLIST_KEY_UISupportedInterfaceOrientations_iPhone = "UIInterfaceOrientationPortrait UIInterfaceOrientationLandscapeLeft UIInterfaceOrientationLandscapeRight";
				LD_RUNPATH_SEARCH_PATHS = (
					"$(inherited)",
					"@executable_path/Frameworks",
				);
				MARKETING_VERSION = 1.0;
				PRODUCT_BUNDLE_IDENTIFIER = com.PosetoStudio.DelegationPattern;
				PRODUCT_NAME = "$(TARGET_NAME)";
				SWIFT_EMIT_LOC_STRINGS = YES;
				SWIFT_VERSION = 5.0;
				TARGETED_DEVICE_FAMILY = "1,2";
			};
			name = Debug;
		};
		65F7DCD227E3C4A50052AEC4 /* Release */ = {
			isa = XCBuildConfiguration;
			buildSettings = {
				ASSETCATALOG_COMPILER_APPICON_NAME = AppIcon;
				ASSETCATALOG_COMPILER_GLOBAL_ACCENT_COLOR_NAME = AccentColor;
				CODE_SIGN_STYLE = Automatic;
				CURRENT_PROJECT_VERSION = 1;
				DEVELOPMENT_TEAM = YR8ENK43BV;
				GENERATE_INFOPLIST_FILE = YES;
				INFOPLIST_FILE = DelegationPattern/Info.plist;
				INFOPLIST_KEY_UIApplicationSupportsIndirectInputEvents = YES;
				INFOPLIST_KEY_UILaunchStoryboardName = LaunchScreen;
				INFOPLIST_KEY_UIMainStoryboardFile = Main;
				INFOPLIST_KEY_UISupportedInterfaceOrientations_iPad = "UIInterfaceOrientationPortrait UIInterfaceOrientationPortraitUpsideDown UIInterfaceOrientationLandscapeLeft UIInterfaceOrientationLandscapeRight";
				INFOPLIST_KEY_UISupportedInterfaceOrientations_iPhone = "UIInterfaceOrientationPortrait UIInterfaceOrientationLandscapeLeft UIInterfaceOrientationLandscapeRight";
				LD_RUNPATH_SEARCH_PATHS = (
					"$(inherited)",
					"@executable_path/Frameworks",
				);
				MARKETING_VERSION = 1.0;
				PRODUCT_BUNDLE_IDENTIFIER = com.PosetoStudio.DelegationPattern;
				PRODUCT_NAME = "$(TARGET_NAME)";
				SWIFT_EMIT_LOC_STRINGS = YES;
				SWIFT_VERSION = 5.0;
				TARGETED_DEVICE_FAMILY = "1,2";
			};
			name = Release;
		};
/* End XCBuildConfiguration section */

/* Begin XCConfigurationList section */
		65F7DCB727E3C4A30052AEC4 /* Build configuration list for PBXProject "DelegationPattern" */ = {
			isa = XCConfigurationList;
			buildConfigurations = (
				65F7DCCE27E3C4A50052AEC4 /* Debug */,
				65F7DCCF27E3C4A50052AEC4 /* Release */,
			);
			defaultConfigurationIsVisible = 0;
			defaultConfigurationName = Release;
		};
		65F7DCD027E3C4A50052AEC4 /* Build configuration list for PBXNativeTarget "DelegationPattern" */ = {
			isa = XCConfigurationList;
			buildConfigurations = (
				65F7DCD127E3C4A50052AEC4 /* Debug */,
				65F7DCD227E3C4A50052AEC4 /* Release */,
			);
			defaultConfigurationIsVisible = 0;
			defaultConfigurationName = Release;
		};
/* End XCConfigurationList section */
	};
	rootObject = 65F7DCB427E3C4A30052AEC4 /* Project object */;
}
